
Microsoft Visual Studio Solution File, Format Version 12.00
# Visual Studio Version 17
VisualStudioVersion = 17.2.32616.157
MinimumVisualStudioVersion = 10.0.40219.1
Project("{9A19103F-16F7-4668-BE54-9A1E7A4F7556}") = "LorenzoApplication", "LorenzoApplication.csproj", "{329F5D8D-90F8-4686-AD7B-126EB3F8F2A4}"
EndProject
Global
	GlobalSection(SolutionConfigurationPlatforms) = preSolution
		Debug|Any CPU = Debug|Any CPU
		Release|Any CPU = Release|Any CPU
	EndGlobalSection
	GlobalSection(ProjectConfigurationPlatforms) = postSolution
		{329F5D8D-90F8-4686-AD7B-126EB3F8F2A4}.Debug|Any CPU.ActiveCfg = Debug|Any CPU
		{329F5D8D-90F8-4686-AD7B-126EB3F8F2A4}.Debug|Any CPU.Build.0 = Debug|Any CPU
		{329F5D8D-90F8-4686-AD7B-126EB3F8F2A4}.Release|Any CPU.ActiveCfg = Release|Any CPU
		{329F5D8D-90F8-4686-AD7B-126EB3F8F2A4}.Release|Any CPU.Build.0 = Release|Any CPU
	EndGlobalSection
	GlobalSection(SolutionProperties) = preSolution
		HideSolutionNode = FALSE
	EndGlobalSection
	GlobalSection(ExtensibilityGlobals) = postSolution
		SolutionGuid = {CF8B1E66-26D4-47B1-ACC3-89D3D38CCF0C}
	EndGlobalSection
EndGlobal
